
Microsoft Visual Studio Solution File, Format Version 12.00
# Visual Studio 15
VisualStudioVersion = 15.0.28307.902
MinimumVisualStudioVersion = 10.0.40219.1
Project("{8BC9CEB8-8B4A-11D0-8D11-00A0C91BC942}") = "task_final", "task_final\task_final.vcxproj", "{0023480D-3E74-4FE2-BC76-0FE848A92489}"
EndProject
Global
	GlobalSection(SolutionConfigurationPlatforms) = preSolution
		Debug|x64 = Debug|x64
		Debug|x86 = Debug|x86
		Release|x64 = Release|x64
		Release|x86 = Release|x86
	EndGlobalSection
	GlobalSection(ProjectConfigurationPlatforms) = postSolution
		{0023480D-3E74-4FE2-BC76-0FE848A92489}.Debug|x64.ActiveCfg = Debug|x64
		{0023480D-3E74-4FE2-BC76-0FE848A92489}.Debug|x64.Build.0 = Debug|x64
		{0023480D-3E74-4FE2-BC76-0FE848A92489}.Debug|x86.ActiveCfg = Debug|Win32
		{0023480D-3E74-4FE2-BC76-0FE848A92489}.Debug|x86.Build.0 = Debug|Win32
		{0023480D-3E74-4FE2-BC76-0FE848A92489}.Release|x64.ActiveCfg = Release|x64
		{0023480D-3E74-4FE2-BC76-0FE848A92489}.Release|x64.Build.0 = Release|x64
		{0023480D-3E74-4FE2-BC76-0FE848A92489}.Release|x86.ActiveCfg = Release|Win32
		{0023480D-3E74-4FE2-BC76-0FE848A92489}.Release|x86.Build.0 = Release|Win32
	EndGlobalSection
	GlobalSection(SolutionProperties) = preSolution
		HideSolutionNode = FALSE
	EndGlobalSection
	GlobalSection(ExtensibilityGlobals) = postSolution
		SolutionGuid = {13F2F9E8-11B4-4AEF-B7EE-47056386C3E7}
	EndGlobalSection
EndGlobal
